// !$*UTF8*$!
{
	archiveVersion = 1;
	classes = {
	};
	objectVersion = 46;
	objects = {

/* Begin PBXBuildFile section */
		1A37B79B1C5D629B004FE489 /* GameOver.swift in Sources */ = {isa = PBXBuildFile; fileRef = 1A37B79A1C5D629B004FE489 /* GameOver.swift */; };
		1A37B79D1C5D62A4004FE489 /* GameOver.sks in Resources */ = {isa = PBXBuildFile; fileRef = 1A37B79C1C5D62A4004FE489 /* GameOver.sks */; };
		1A3C28921C5C59E000D0A52A /* GameScene.sks in Resources */ = {isa = PBXBuildFile; fileRef = 1A3C28881C5C59E000D0A52A /* GameScene.sks */; };
		1A3C28951C5C59E000D0A52A /* MainMenu.sks in Resources */ = {isa = PBXBuildFile; fileRef = 1A3C288B1C5C59E000D0A52A /* MainMenu.sks */; };
		1A3C289B1C5C5A4F00D0A52A /* Assets in Resources */ = {isa = PBXBuildFile; fileRef = 1A3C289A1C5C5A4F00D0A52A /* Assets */; };
		1A3C28A61C5C5E1100D0A52A /* AppDelegate.swift in Sources */ = {isa = PBXBuildFile; fileRef = 1A3C289E1C5C5E1100D0A52A /* AppDelegate.swift */; };
		1A3C28A71C5C5E1100D0A52A /* Building.swift in Sources */ = {isa = PBXBuildFile; fileRef = 1A3C289F1C5C5E1100D0A52A /* Building.swift */; };
		1A3C28A81C5C5E1100D0A52A /* GameScene.swift in Sources */ = {isa = PBXBuildFile; fileRef = 1A3C28A01C5C5E1100D0A52A /* GameScene.swift */; };
		1A3C28A91C5C5E1100D0A52A /* GameViewController.swift in Sources */ = {isa = PBXBuildFile; fileRef = 1A3C28A11C5C5E1100D0A52A /* GameViewController.swift */; };
		1A3C28AA1C5C5E1100D0A52A /* MainMenu.swift in Sources */ = {isa = PBXBuildFile; fileRef = 1A3C28A21C5C5E1100D0A52A /* MainMenu.swift */; };
		1A3C28AB1C5C5E1100D0A52A /* Ramp.swift in Sources */ = {isa = PBXBuildFile; fileRef = 1A3C28A31C5C5E1100D0A52A /* Ramp.swift */; };
		1A3C28AD1C5C5E1100D0A52A /* Stairs.swift in Sources */ = {isa = PBXBuildFile; fileRef = 1A3C28A51C5C5E1100D0A52A /* Stairs.swift */; };
		1A3C28B01C5C5E9B00D0A52A /* RampMan.swift in Sources */ = {isa = PBXBuildFile; fileRef = 1A3C28AF1C5C5E9B00D0A52A /* RampMan.swift */; };
		1A4BF7E81C5C596F00386B89 /* Main.storyboard in Resources */ = {isa = PBXBuildFile; fileRef = 1A4BF7E61C5C596F00386B89 /* Main.storyboard */; };
		1A4BF7EA1C5C596F00386B89 /* Assets.xcassets in Resources */ = {isa = PBXBuildFile; fileRef = 1A4BF7E91C5C596F00386B89 /* Assets.xcassets */; };
		1A4BF7ED1C5C596F00386B89 /* LaunchScreen.storyboard in Resources */ = {isa = PBXBuildFile; fileRef = 1A4BF7EB1C5C596F00386B89 /* LaunchScreen.storyboard */; };
		1A4BF7F81C5C596F00386B89 /* StopGapIpadTests.swift in Sources */ = {isa = PBXBuildFile; fileRef = 1A4BF7F71C5C596F00386B89 /* StopGapIpadTests.swift */; };
		1A4BF8031C5C596F00386B89 /* StopGapIpadUITests.swift in Sources */ = {isa = PBXBuildFile; fileRef = 1A4BF8021C5C596F00386B89 /* StopGapIpadUITests.swift */; };
/* End PBXBuildFile section */

/* Begin PBXContainerItemProxy section */
		1A4BF7F41C5C596F00386B89 /* PBXContainerItemProxy */ = {
			isa = PBXContainerItemProxy;
			containerPortal = 1A4BF7D31C5C596F00386B89 /* Project object */;
			proxyType = 1;
			remoteGlobalIDString = 1A4BF7DA1C5C596F00386B89;
			remoteInfo = StopGapIpad;
		};
		1A4BF7FF1C5C596F00386B89 /* PBXContainerItemProxy */ = {
			isa = PBXContainerItemProxy;
			containerPortal = 1A4BF7D31C5C596F00386B89 /* Project object */;
			proxyType = 1;
			remoteGlobalIDString = 1A4BF7DA1C5C596F00386B89;
			remoteInfo = StopGapIpad;
		};
/* End PBXContainerItemProxy section */

/* Begin PBXFileReference section */
		1A37B79A1C5D629B004FE489 /* GameOver.swift */ = {isa = PBXFileReference; fileEncoding = 4; lastKnownFileType = sourcecode.swift; name = GameOver.swift; path = ../../../StopGap/StopGap/GameOver.swift; sourceTree = "<group>"; };
		1A37B79C1C5D62A4004FE489 /* GameOver.sks */ = {isa = PBXFileReference; lastKnownFileType = file.sks; path = GameOver.sks; sourceTree = "<group>"; };
		1A3C28881C5C59E000D0A52A /* GameScene.sks */ = {isa = PBXFileReference; lastKnownFileType = file.sks; path = GameScene.sks; sourceTree = "<group>"; };
		1A3C288B1C5C59E000D0A52A /* MainMenu.sks */ = {isa = PBXFileReference; lastKnownFileType = file.sks; path = MainMenu.sks; sourceTree = "<group>"; };
		1A3C289A1C5C5A4F00D0A52A /* Assets */ = {isa = PBXFileReference; lastKnownFileType = folder; name = Assets; path = StopGapIpad/Assets; sourceTree = "<group>"; };
		1A3C289E1C5C5E1100D0A52A /* AppDelegate.swift */ = {isa = PBXFileReference; fileEncoding = 4; lastKnownFileType = sourcecode.swift; name = AppDelegate.swift; path = ../../../StopGap/StopGap/AppDelegate.swift; sourceTree = "<group>"; };
		1A3C289F1C5C5E1100D0A52A /* Building.swift */ = {isa = PBXFileReference; fileEncoding = 4; lastKnownFileType = sourcecode.swift; name = Building.swift; path = ../../../StopGap/StopGap/Building.swift; sourceTree = "<group>"; };
		1A3C28A01C5C5E1100D0A52A /* GameScene.swift */ = {isa = PBXFileReference; fileEncoding = 4; lastKnownFileType = sourcecode.swift; name = GameScene.swift; path = ../../../StopGap/StopGap/GameScene.swift; sourceTree = "<group>"; };
		1A3C28A11C5C5E1100D0A52A /* GameViewController.swift */ = {isa = PBXFileReference; fileEncoding = 4; lastKnownFileType = sourcecode.swift; name = GameViewController.swift; path = ../../../StopGap/StopGap/GameViewController.swift; sourceTree = "<group>"; };
		1A3C28A21C5C5E1100D0A52A /* MainMenu.swift */ = {isa = PBXFileReference; fileEncoding = 4; lastKnownFileType = sourcecode.swift; name = MainMenu.swift; path = ../../../StopGap/StopGap/MainMenu.swift; sourceTree = "<group>"; };
		1A3C28A31C5C5E1100D0A52A /* Ramp.swift */ = {isa = PBXFileReference; fileEncoding = 4; lastKnownFileType = sourcecode.swift; name = Ramp.swift; path = ../../../StopGap/StopGap/Ramp.swift; sourceTree = "<group>"; };
		1A3C28A51C5C5E1100D0A52A /* Stairs.swift */ = {isa = PBXFileReference; fileEncoding = 4; lastKnownFileType = sourcecode.swift; name = Stairs.swift; path = ../../../StopGap/StopGap/Stairs.swift; sourceTree = "<group>"; };
		1A3C28AF1C5C5E9B00D0A52A /* RampMan.swift */ = {isa = PBXFileReference; fileEncoding = 4; lastKnownFileType = sourcecode.swift; name = RampMan.swift; path = ../../../StopGap/StopGap/RampMan.swift; sourceTree = "<group>"; };
		1A4BF7DB1C5C596F00386B89 /* StopGapIpad.app */ = {isa = PBXFileReference; explicitFileType = wrapper.application; includeInIndex = 0; path = StopGapIpad.app; sourceTree = BUILT_PRODUCTS_DIR; };
		1A4BF7E71C5C596F00386B89 /* Base */ = {isa = PBXFileReference; lastKnownFileType = file.storyboard; name = Base; path = Base.lproj/Main.storyboard; sourceTree = "<group>"; };
		1A4BF7E91C5C596F00386B89 /* Assets.xcassets */ = {isa = PBXFileReference; lastKnownFileType = folder.assetcatalog; path = Assets.xcassets; sourceTree = "<group>"; };
		1A4BF7EC1C5C596F00386B89 /* Base */ = {isa = PBXFileReference; lastKnownFileType = file.storyboard; name = Base; path = Base.lproj/LaunchScreen.storyboard; sourceTree = "<group>"; };
		1A4BF7EE1C5C596F00386B89 /* Info.plist */ = {isa = PBXFileReference; lastKnownFileType = text.plist.xml; path = Info.plist; sourceTree = "<group>"; };
		1A4BF7F31C5C596F00386B89 /* StopGapIpadTests.xctest */ = {isa = PBXFileReference; explicitFileType = wrapper.cfbundle; includeInIndex = 0; path = StopGapIpadTests.xctest; sourceTree = BUILT_PRODUCTS_DIR; };
		1A4BF7F71C5C596F00386B89 /* StopGapIpadTests.swift */ = {isa = PBXFileReference; lastKnownFileType = sourcecode.swift; path = StopGapIpadTests.swift; sourceTree = "<group>"; };
		1A4BF7F91C5C596F00386B89 /* Info.plist */ = {isa = PBXFileReference; lastKnownFileType = text.plist.xml; path = Info.plist; sourceTree = "<group>"; };
		1A4BF7FE1C5C596F00386B89 /* StopGapIpadUITests.xctest */ = {isa = PBXFileReference; explicitFileType = wrapper.cfbundle; includeInIndex = 0; path = StopGapIpadUITests.xctest; sourceTree = BUILT_PRODUCTS_DIR; };
		1A4BF8021C5C596F00386B89 /* StopGapIpadUITests.swift */ = {isa = PBXFileReference; lastKnownFileType = sourcecode.swift; path = StopGapIpadUITests.swift; sourceTree = "<group>"; };
		1A4BF8041C5C596F00386B89 /* Info.plist */ = {isa = PBXFileReference; lastKnownFileType = text.plist.xml; path = Info.plist; sourceTree = "<group>"; };
/* End PBXFileReference section */

/* Begin PBXFrameworksBuildPhase section */
		1A4BF7D81C5C596F00386B89 /* Frameworks */ = {
			isa = PBXFrameworksBuildPhase;
			buildActionMask = 2147483647;
			files = (
			);
			runOnlyForDeploymentPostprocessing = 0;
		};
		1A4BF7F01C5C596F00386B89 /* Frameworks */ = {
			isa = PBXFrameworksBuildPhase;
			buildActionMask = 2147483647;
			files = (
			);
			runOnlyForDeploymentPostprocessing = 0;
		};
		1A4BF7FB1C5C596F00386B89 /* Frameworks */ = {
			isa = PBXFrameworksBuildPhase;
			buildActionMask = 2147483647;
			files = (
			);
			runOnlyForDeploymentPostprocessing = 0;
		};
/* End PBXFrameworksBuildPhase section */

/* Begin PBXGroup section */
		1A4BF7D21C5C596F00386B89 = {
			isa = PBXGroup;
			children = (
				1A4BF7DD1C5C596F00386B89 /* StopGapIpad */,
				1A4BF7F61C5C596F00386B89 /* StopGapIpadTests */,
				1A4BF8011C5C596F00386B89 /* StopGapIpadUITests */,
				1A4BF7DC1C5C596F00386B89 /* Products */,
				1A3C289A1C5C5A4F00D0A52A /* Assets */,
			);
			sourceTree = "<group>";
		};
		1A4BF7DC1C5C596F00386B89 /* Products */ = {
			isa = PBXGroup;
			children = (
				1A4BF7DB1C5C596F00386B89 /* StopGapIpad.app */,
				1A4BF7F31C5C596F00386B89 /* StopGapIpadTests.xctest */,
				1A4BF7FE1C5C596F00386B89 /* StopGapIpadUITests.xctest */,
			);
			name = Products;
			sourceTree = "<group>";
		};
		1A4BF7DD1C5C596F00386B89 /* StopGapIpad */ = {
			isa = PBXGroup;
			children = (
				1A3C28A01C5C5E1100D0A52A /* GameScene.swift */,
				1A3C28881C5C59E000D0A52A /* GameScene.sks */,
				1A3C28A21C5C5E1100D0A52A /* MainMenu.swift */,
				1A3C288B1C5C59E000D0A52A /* MainMenu.sks */,
				1A37B79A1C5D629B004FE489 /* GameOver.swift */,
				1A37B79C1C5D62A4004FE489 /* GameOver.sks */,
				1A3C28AF1C5C5E9B00D0A52A /* RampMan.swift */,
				1A3C28A31C5C5E1100D0A52A /* Ramp.swift */,
				1A3C289F1C5C5E1100D0A52A /* Building.swift */,
				1A3C28A51C5C5E1100D0A52A /* Stairs.swift */,
				1A3C289E1C5C5E1100D0A52A /* AppDelegate.swift */,
				1A3C28A11C5C5E1100D0A52A /* GameViewController.swift */,
				1A4BF7E61C5C596F00386B89 /* Main.storyboard */,
				1A4BF7E91C5C596F00386B89 /* Assets.xcassets */,
				1A4BF7EB1C5C596F00386B89 /* LaunchScreen.storyboard */,
				1A4BF7EE1C5C596F00386B89 /* Info.plist */,
			);
			path = StopGapIpad;
			sourceTree = "<group>";
		};
		1A4BF7F61C5C596F00386B89 /* StopGapIpadTests */ = {
			isa = PBXGroup;
			children = (
				1A4BF7F71C5C596F00386B89 /* StopGapIpadTests.swift */,
				1A4BF7F91C5C596F00386B89 /* Info.plist */,
			);
			path = StopGapIpadTests;
			sourceTree = "<group>";
		};
		1A4BF8011C5C596F00386B89 /* StopGapIpadUITests */ = {
			isa = PBXGroup;
			children = (
				1A4BF8021C5C596F00386B89 /* StopGapIpadUITests.swift */,
				1A4BF8041C5C596F00386B89 /* Info.plist */,
			);
			path = StopGapIpadUITests;
			sourceTree = "<group>";
		};
/* End PBXGroup section */

/* Begin PBXNativeTarget section */
		1A4BF7DA1C5C596F00386B89 /* StopGapIpad */ = {
			isa = PBXNativeTarget;
			buildConfigurationList = 1A4BF8071C5C596F00386B89 /* Build configuration list for PBXNativeTarget "StopGapIpad" */;
			buildPhases = (
				1A4BF7D71C5C596F00386B89 /* Sources */,
				1A4BF7D81C5C596F00386B89 /* Frameworks */,
				1A4BF7D91C5C596F00386B89 /* Resources */,
			);
			buildRules = (
			);
			dependencies = (
			);
			name = StopGapIpad;
			productName = StopGapIpad;
			productReference = 1A4BF7DB1C5C596F00386B89 /* StopGapIpad.app */;
			productType = "com.apple.product-type.application";
		};
		1A4BF7F21C5C596F00386B89 /* StopGapIpadTests */ = {
			isa = PBXNativeTarget;
			buildConfigurationList = 1A4BF80A1C5C596F00386B89 /* Build configuration list for PBXNativeTarget "StopGapIpadTests" */;
			buildPhases = (
				1A4BF7EF1C5C596F00386B89 /* Sources */,
				1A4BF7F01C5C596F00386B89 /* Frameworks */,
				1A4BF7F11C5C596F00386B89 /* Resources */,
			);
			buildRules = (
			);
			dependencies = (
				1A4BF7F51C5C596F00386B89 /* PBXTargetDependency */,
			);
			name = StopGapIpadTests;
			productName = StopGapIpadTests;
			productReference = 1A4BF7F31C5C596F00386B89 /* StopGapIpadTests.xctest */;
			productType = "com.apple.product-type.bundle.unit-test";
		};
		1A4BF7FD1C5C596F00386B89 /* StopGapIpadUITests */ = {
			isa = PBXNativeTarget;
			buildConfigurationList = 1A4BF80D1C5C596F00386B89 /* Build configuration list for PBXNativeTarget "StopGapIpadUITests" */;
			buildPhases = (
				1A4BF7FA1C5C596F00386B89 /* Sources */,
				1A4BF7FB1C5C596F00386B89 /* Frameworks */,
				1A4BF7FC1C5C596F00386B89 /* Resources */,
			);
			buildRules = (
			);
			dependencies = (
				1A4BF8001C5C596F00386B89 /* PBXTargetDependency */,
			);
			name = StopGapIpadUITests;
			productName = StopGapIpadUITests;
			productReference = 1A4BF7FE1C5C596F00386B89 /* StopGapIpadUITests.xctest */;
			productType = "com.apple.product-type.bundle.ui-testing";
		};
/* End PBXNativeTarget section */

/* Begin PBXProject section */
		1A4BF7D31C5C596F00386B89 /* Project object */ = {
			isa = PBXProject;
			attributes = {
				LastSwiftUpdateCheck = 0720;
				LastUpgradeCheck = 0720;
				ORGANIZATIONNAME = "Cameron Bardell";
				TargetAttributes = {
					1A4BF7DA1C5C596F00386B89 = {
						CreatedOnToolsVersion = 7.2;
					};
					1A4BF7F21C5C596F00386B89 = {
						CreatedOnToolsVersion = 7.2;
						TestTargetID = 1A4BF7DA1C5C596F00386B89;
					};
					1A4BF7FD1C5C596F00386B89 = {
						CreatedOnToolsVersion = 7.2;
						TestTargetID = 1A4BF7DA1C5C596F00386B89;
					};
				};
			};
			buildConfigurationList = 1A4BF7D61C5C596F00386B89 /* Build configuration list for PBXProject "StopGapIpad" */;
			compatibilityVersion = "Xcode 3.2";
			developmentRegion = English;
			hasScannedForEncodings = 0;
			knownRegions = (
				en,
				Base,
			);
			mainGroup = 1A4BF7D21C5C596F00386B89;
			productRefGroup = 1A4BF7DC1C5C596F00386B89 /* Products */;
			projectDirPath = "";
			projectRoot = "";
			targets = (
				1A4BF7DA1C5C596F00386B89 /* StopGapIpad */,
				1A4BF7F21C5C596F00386B89 /* StopGapIpadTests */,
				1A4BF7FD1C5C596F00386B89 /* StopGapIpadUITests */,
			);
		};
/* End PBXProject section */

/* Begin PBXResourcesBuildPhase section */
		1A4BF7D91C5C596F00386B89 /* Resources */ = {
			isa = PBXResourcesBuildPhase;
			buildActionMask = 2147483647;
			files = (
				1A3C28921C5C59E000D0A52A /* GameScene.sks in Resources */,
				1A37B79D1C5D62A4004FE489 /* GameOver.sks in Resources */,
				1A3C289B1C5C5A4F00D0A52A /* Assets in Resources */,
				1A4BF7ED1C5C596F00386B89 /* LaunchScreen.storyboard in Resources */,
				1A4BF7EA1C5C596F00386B89 /* Assets.xcassets in Resources */,
				1A3C28951C5C59E000D0A52A /* MainMenu.sks in Resources */,
				1A4BF7E81C5C596F00386B89 /* Main.storyboard in Resources */,
			);
			runOnlyForDeploymentPostprocessing = 0;
		};
		1A4BF7F11C5C596F00386B89 /* Resources */ = {
			isa = PBXResourcesBuildPhase;
			buildActionMask = 2147483647;
			files = (
			);
			runOnlyForDeploymentPostprocessing = 0;
		};
		1A4BF7FC1C5C596F00386B89 /* Resources */ = {
			isa = PBXResourcesBuildPhase;
			buildActionMask = 2147483647;
			files = (
			);
			runOnlyForDeploymentPostprocessing = 0;
		};
/* End PBXResourcesBuildPhase section */

/* Begin PBXSourcesBuildPhase section */
		1A4BF7D71C5C596F00386B89 /* Sources */ = {
			isa = PBXSourcesBuildPhase;
			buildActionMask = 2147483647;
			files = (
				1A3C28A91C5C5E1100D0A52A /* GameViewController.swift in Sources */,
				1A3C28AD1C5C5E1100D0A52A /* Stairs.swift in Sources */,
				1A3C28AA1C5C5E1100D0A52A /* MainMenu.swift in Sources */,
				1A37B79B1C5D629B004FE489 /* GameOver.swift in Sources */,
				1A3C28A61C5C5E1100D0A52A /* AppDelegate.swift in Sources */,
				1A3C28B01C5C5E9B00D0A52A /* RampMan.swift in Sources */,
				1A3C28A71C5C5E1100D0A52A /* Building.swift in Sources */,
				1A3C28A81C5C5E1100D0A52A /* GameScene.swift in Sources */,
				1A3C28AB1C5C5E1100D0A52A /* Ramp.swift in Sources */,
			);
			runOnlyForDeploymentPostprocessing = 0;
		};
		1A4BF7EF1C5C596F00386B89 /* Sources */ = {
			isa = PBXSourcesBuildPhase;
			buildActionMask = 2147483647;
			files = (
				1A4BF7F81C5C596F00386B89 /* StopGapIpadTests.swift in Sources */,
			);
			runOnlyForDeploymentPostprocessing = 0;
		};
		1A4BF7FA1C5C596F00386B89 /* Sources */ = {
			isa = PBXSourcesBuildPhase;
			buildActionMask = 2147483647;
			files = (
				1A4BF8031C5C596F00386B89 /* StopGapIpadUITests.swift in Sources */,
			);
			runOnlyForDeploymentPostprocessing = 0;
		};
/* End PBXSourcesBuildPhase section */

/* Begin PBXTargetDependency section */
		1A4BF7F51C5C596F00386B89 /* PBXTargetDependency */ = {
			isa = PBXTargetDependency;
			target = 1A4BF7DA1C5C596F00386B89 /* StopGapIpad */;
			targetProxy = 1A4BF7F41C5C596F00386B89 /* PBXContainerItemProxy */;
		};
		1A4BF8001C5C596F00386B89 /* PBXTargetDependency */ = {
			isa = PBXTargetDependency;
			target = 1A4BF7DA1C5C596F00386B89 /* StopGapIpad */;
			targetProxy = 1A4BF7FF1C5C596F00386B89 /* PBXContainerItemProxy */;
		};
/* End PBXTargetDependency section */

/* Begin PBXVariantGroup section */
		1A4BF7E61C5C596F00386B89 /* Main.storyboard */ = {
			isa = PBXVariantGroup;
			children = (
				1A4BF7E71C5C596F00386B89 /* Base */,
			);
			name = Main.storyboard;
			sourceTree = "<group>";
		};
		1A4BF7EB1C5C596F00386B89 /* LaunchScreen.storyboard */ = {
			isa = PBXVariantGroup;
			children = (
				1A4BF7EC1C5C596F00386B89 /* Base */,
			);
			name = LaunchScreen.storyboard;
			sourceTree = "<group>";
		};
/* End PBXVariantGroup section */

/* Begin XCBuildConfiguration section */
		1A4BF8051C5C596F00386B89 /* Debug */ = {
			isa = XCBuildConfiguration;
			buildSettings = {
				ALWAYS_SEARCH_USER_PATHS = NO;
				CLANG_CXX_LANGUAGE_STANDARD = "gnu++0x";
				CLANG_CXX_LIBRARY = "libc++";
				CLANG_ENABLE_MODULES = YES;
				CLANG_ENABLE_OBJC_ARC = YES;
				CLANG_WARN_BOOL_CONVERSION = YES;
				CLANG_WARN_CONSTANT_CONVERSION = YES;
				CLANG_WARN_DIRECT_OBJC_ISA_USAGE = YES_ERROR;
				CLANG_WARN_EMPTY_BODY = YES;
				CLANG_WARN_ENUM_CONVERSION = YES;
				CLANG_WARN_INT_CONVERSION = YES;
				CLANG_WARN_OBJC_ROOT_CLASS = YES_ERROR;
				CLANG_WARN_UNREACHABLE_CODE = YES;
				CLANG_WARN__DUPLICATE_METHOD_MATCH = YES;
				"CODE_SIGN_IDENTITY[sdk=iphoneos*]" = "iPhone Developer";
				COPY_PHASE_STRIP = NO;
				DEBUG_INFORMATION_FORMAT = "dwarf-with-dsym";
				ENABLE_STRICT_OBJC_MSGSEND = YES;
				ENABLE_TESTABILITY = YES;
				GCC_C_LANGUAGE_STANDARD = gnu99;
				GCC_DYNAMIC_NO_PIC = NO;
				GCC_NO_COMMON_BLOCKS = YES;
				GCC_OPTIMIZATION_LEVEL = 0;
				GCC_PREPROCESSOR_DEFINITIONS = (
					"DEBUG=1",
					"$(inherited)",
				);
				GCC_WARN_64_TO_32_BIT_CONVERSION = YES;
				GCC_WARN_ABOUT_RETURN_TYPE = YES_ERROR;
				GCC_WARN_UNDECLARED_SELECTOR = YES;
				GCC_WARN_UNINITIALIZED_AUTOS = YES_AGGRESSIVE;
				GCC_WARN_UNUSED_FUNCTION = YES;
				GCC_WARN_UNUSED_VARIABLE = YES;
				IPHONEOS_DEPLOYMENT_TARGET = 9.2;
				MTL_ENABLE_DEBUG_INFO = YES;
				ONLY_ACTIVE_ARCH = YES;
				SDKROOT = iphoneos;
				SWIFT_OPTIMIZATION_LEVEL = "-Onone";
				TARGETED_DEVICE_FAMILY = 2;
			};
			name = Debug;
		};
		1A4BF8061C5C596F00386B89 /* Release */ = {
			isa = XCBuildConfiguration;
			buildSettings = {
				ALWAYS_SEARCH_USER_PATHS = NO;
				CLANG_CXX_LANGUAGE_STANDARD = "gnu++0x";
				CLANG_CXX_LIBRARY = "libc++";
				CLANG_ENABLE_MODULES = YES;
				CLANG_ENABLE_OBJC_ARC = YES;
				CLANG_WARN_BOOL_CONVERSION = YES;
				CLANG_WARN_CONSTANT_CONVERSION = YES;
				CLANG_WARN_DIRECT_OBJC_ISA_USAGE = YES_ERROR;
				CLANG_WARN_EMPTY_BODY = YES;
				CLANG_WARN_ENUM_CONVERSION = YES;
				CLANG_WARN_INT_CONVERSION = YES;
				CLANG_WARN_OBJC_ROOT_CLASS = YES_ERROR;
				CLANG_WARN_UNREACHABLE_CODE = YES;
				CLANG_WARN__DUPLICATE_METHOD_MATCH = YES;
				"CODE_SIGN_IDENTITY[sdk=iphoneos*]" = "iPhone Developer";
				COPY_PHASE_STRIP = NO;
				DEBUG_INFORMATION_FORMAT = "dwarf-with-dsym";
				ENABLE_NS_ASSERTIONS = NO;
				ENABLE_STRICT_OBJC_MSGSEND = YES;
				GCC_C_LANGUAGE_STANDARD = gnu99;
				GCC_NO_COMMON_BLOCKS = YES;
				GCC_WARN_64_TO_32_BIT_CONVERSION = YES;
				GCC_WARN_ABOUT_RETURN_TYPE = YES_ERROR;
				GCC_WARN_UNDECLARED_SELECTOR = YES;
				GCC_WARN_UNINITIALIZED_AUTOS = YES_AGGRESSIVE;
				GCC_WARN_UNUSED_FUNCTION = YES;
				GCC_WARN_UNUSED_VARIABLE = YES;
				IPHONEOS_DEPLOYMENT_TARGET = 9.2;
				MTL_ENABLE_DEBUG_INFO = NO;
				SDKROOT = iphoneos;
				TARGETED_DEVICE_FAMILY = 2;
				VALIDATE_PRODUCT = YES;
			};
			name = Release;
		};
		1A4BF8081C5C596F00386B89 /* Debug */ = {
			isa = XCBuildConfiguration;
			buildSettings = {
				ASSETCATALOG_COMPILER_APPICON_NAME = AppIcon;
				CLANG_ENABLE_MODULES = YES;
				INFOPLIST_FILE = StopGapIpad/Info.plist;
				IPHONEOS_DEPLOYMENT_TARGET = 8.0;
				LD_RUNPATH_SEARCH_PATHS = "$(inherited) @executable_path/Frameworks";
				PRODUCT_BUNDLE_IDENTIFIER = com.bardell.StopGapIpad;
				PRODUCT_NAME = "$(TARGET_NAME)";
				SWIFT_OBJC_BRIDGING_HEADER = "StopGapIpad/StopGapIpad-Bridging-Header.h";
				SWIFT_OPTIMIZATION_LEVEL = "-Onone";
			};
			name = Debug;
		};
		1A4BF8091C5C596F00386B89 /* Release */ = {
			isa = XCBuildConfiguration;
			buildSettings = {
				ASSETCATALOG_COMPILER_APPICON_NAME = AppIcon;
				CLANG_ENABLE_MODULES = YES;
				INFOPLIST_FILE = StopGapIpad/Info.plist;
				IPHONEOS_DEPLOYMENT_TARGET = 8.0;
				LD_RUNPATH_SEARCH_PATHS = "$(inherited) @executable_path/Frameworks";
				PRODUCT_BUNDLE_IDENTIFIER = com.bardell.StopGapIpad;
				PRODUCT_NAME = "$(TARGET_NAME)";
				SWIFT_OBJC_BRIDGING_HEADER = "StopGapIpad/StopGapIpad-Bridging-Header.h";
			};
			name = Release;
		};
		1A4BF80B1C5C596F00386B89 /* Debug */ = {
			isa = XCBuildConfiguration;
			buildSettings = {
				BUNDLE_LOADER = "$(TEST_HOST)";
				DEBUG_INFORMATION_FORMAT = dwarf;
				INFOPLIST_FILE = StopGapIpadTests/Info.plist;
				LD_RUNPATH_SEARCH_PATHS = "$(inherited) @executable_path/Frameworks @loader_path/Frameworks";
				PRODUCT_BUNDLE_IDENTIFIER = com.bardell.StopGapIpadTests;
				PRODUCT_NAME = "$(TARGET_NAME)";
				TEST_HOST = "$(BUILT_PRODUCTS_DIR)/StopGapIpad.app/StopGapIpad";
			};
			name = Debug;
		};
		1A4BF80C1C5C596F00386B89 /* Release */ = {
			isa = XCBuildConfiguration;
			buildSettings = {
				BUNDLE_LOADER = "$(TEST_HOST)";
				INFOPLIST_FILE = StopGapIpadTests/Info.plist;
				LD_RUNPATH_SEARCH_PATHS = "$(inherited) @executable_path/Frameworks @loader_path/Frameworks";
				PRODUCT_BUNDLE_IDENTIFIER = com.bardell.StopGapIpadTests;
				PRODUCT_NAME = "$(TARGET_NAME)";
				TEST_HOST = "$(BUILT_PRODUCTS_DIR)/StopGapIpad.app/StopGapIpad";
			};
			name = Release;
		};
		1A4BF80E1C5C596F00386B89 /* Debug */ = {
			isa = XCBuildConfiguration;
			buildSettings = {
				DEBUG_INFORMATION_FORMAT = dwarf;
				INFOPLIST_FILE = StopGapIpadUITests/Info.plist;
				LD_RUNPATH_SEARCH_PATHS = "$(inherited) @executable_path/Frameworks @loader_path/Frameworks";
				PRODUCT_BUNDLE_IDENTIFIER = com.bardell.StopGapIpadUITests;
				PRODUCT_NAME = "$(TARGET_NAME)";
				TEST_TARGET_NAME = StopGapIpad;
				USES_XCTRUNNER = YES;
			};
			name = Debug;
		};
		1A4BF80F1C5C596F00386B89 /* Release */ = {
			isa = XCBuildConfiguration;
			buildSettings = {
				INFOPLIST_FILE = StopGapIpadUITests/Info.plist;
				LD_RUNPATH_SEARCH_PATHS = "$(inherited) @executable_path/Frameworks @loader_path/Frameworks";
				PRODUCT_BUNDLE_IDENTIFIER = com.bardell.StopGapIpadUITests;
				PRODUCT_NAME = "$(TARGET_NAME)";
				TEST_TARGET_NAME = StopGapIpad;
				USES_XCTRUNNER = YES;
			};
			name = Release;
		};
/* End XCBuildConfiguration section */

/* Begin XCConfigurationList section */
		1A4BF7D61C5C596F00386B89 /* Build configuration list for PBXProject "StopGapIpad" */ = {
			isa = XCConfigurationList;
			buildConfigurations = (
				1A4BF8051C5C596F00386B89 /* Debug */,
				1A4BF8061C5C596F00386B89 /* Release */,
			);
			defaultConfigurationIsVisible = 0;
			defaultConfigurationName = Release;
		};
		1A4BF8071C5C596F00386B89 /* Build configuration list for PBXNativeTarget "StopGapIpad" */ = {
			isa = XCConfigurationList;
			buildConfigurations = (
				1A4BF8081C5C596F00386B89 /* Debug */,
				1A4BF8091C5C596F00386B89 /* Release */,
			);
			defaultConfigurationIsVisible = 0;
			defaultConfigurationName = Release;
		};
		1A4BF80A1C5C596F00386B89 /* Build configuration list for PBXNativeTarget "StopGapIpadTests" */ = {
			isa = XCConfigurationList;
			buildConfigurations = (
				1A4BF80B1C5C596F00386B89 /* Debug */,
				1A4BF80C1C5C596F00386B89 /* Release */,
			);
			defaultConfigurationIsVisible = 0;
			defaultConfigurationName = Release;
		};
		1A4BF80D1C5C596F00386B89 /* Build configuration list for PBXNativeTarget "StopGapIpadUITests" */ = {
			isa = XCConfigurationList;
			buildConfigurations = (
				1A4BF80E1C5C596F00386B89 /* Debug */,
				1A4BF80F1C5C596F00386B89 /* Release */,
			);
			defaultConfigurationIsVisible = 0;
			defaultConfigurationName = Release;
		};
/* End XCConfigurationList section */
	};
	rootObject = 1A4BF7D31C5C596F00386B89 /* Project object */;
}
